
Microsoft Visual Studio Solution File, Format Version 12.00
# Visual Studio Version 17
VisualStudioVersion = 17.3.32922.545
MinimumVisualStudioVersion = 10.0.40219.1
Project("{FAE04EC0-301F-11D3-BF4B-00C04F79EFBC}") = "HW10", "HW10.csproj", "{5A770EDE-1C24-408A-8248-B3AB5E44A500}"
EndProject
Project("{2150E333-8FDC-42A3-9474-1A3956D46DE8}") = "Data", "Data", "{A922C64C-34B7-427E-B59D-3F6767B47785}"
	ProjectSection(SolutionItems) = preProject
		Classes.cs = Classes.cs
		Pupils.cs = Pupils.cs
		Shedules.cs = Shedules.cs
		Teachers.cs = Teachers.cs
	EndProjectSection
EndProject
Global
	GlobalSection(SolutionConfigurationPlatforms) = preSolution
		Debug|Any CPU = Debug|Any CPU
		Release|Any CPU = Release|Any CPU
	EndGlobalSection
	GlobalSection(ProjectConfigurationPlatforms) = postSolution
		{5A770EDE-1C24-408A-8248-B3AB5E44A500}.Debug|Any CPU.ActiveCfg = Debug|Any CPU
		{5A770EDE-1C24-408A-8248-B3AB5E44A500}.Debug|Any CPU.Build.0 = Debug|Any CPU
		{5A770EDE-1C24-408A-8248-B3AB5E44A500}.Release|Any CPU.ActiveCfg = Release|Any CPU
		{5A770EDE-1C24-408A-8248-B3AB5E44A500}.Release|Any CPU.Build.0 = Release|Any CPU
	EndGlobalSection
	GlobalSection(SolutionProperties) = preSolution
		HideSolutionNode = FALSE
	EndGlobalSection
	GlobalSection(ExtensibilityGlobals) = postSolution
		SolutionGuid = {C490EDE1-234A-4E12-AD54-FB01FCEF4B36}
	EndGlobalSection
EndGlobal
